
Microsoft Visual Studio Solution File, Format Version 12.00
# Visual Studio Version 17
VisualStudioVersion = 17.4.33205.214
MinimumVisualStudioVersion = 10.0.40219.1
Project("{FAE04EC0-301F-11D3-BF4B-00C04F79EFBC}") = "FootMatcher", "FootMatcher\FootMatcher.csproj", "{B36BDE91-843D-4097-B10B-C58227285F68}"
EndProject
Global
	GlobalSection(SolutionConfigurationPlatforms) = preSolution
		Debug|Any CPU = Debug|Any CPU
		Release|Any CPU = Release|Any CPU
	EndGlobalSection
	GlobalSection(ProjectConfigurationPlatforms) = postSolution
		{B36BDE91-843D-4097-B10B-C58227285F68}.Debug|Any CPU.ActiveCfg = Debug|Any CPU
		{B36BDE91-843D-4097-B10B-C58227285F68}.Debug|Any CPU.Build.0 = Debug|Any CPU
		{B36BDE91-843D-4097-B10B-C58227285F68}.Release|Any CPU.ActiveCfg = Release|Any CPU
		{B36BDE91-843D-4097-B10B-C58227285F68}.Release|Any CPU.Build.0 = Release|Any CPU
	EndGlobalSection
	GlobalSection(SolutionProperties) = preSolution
		HideSolutionNode = FALSE
	EndGlobalSection
	GlobalSection(ExtensibilityGlobals) = postSolution
		SolutionGuid = {B0CE9BB9-208B-4AE4-8509-5EBB2FB70866}
	EndGlobalSection
EndGlobal
